
Microsoft Visual Studio Solution File, Format Version 12.00
# Visual Studio Version 16
VisualStudioVersion = 16.0.29728.190
MinimumVisualStudioVersion = 10.0.40219.1
Project("{FAE04EC0-301F-11D3-BF4B-00C04F79EFBC}") = "CashRegister.WebApi", "CashRegister.WebApi\CashRegister.WebApi.csproj", "{421656F0-6CD2-4C3E-8CBE-9934FF502BC8}"
EndProject
Project("{FAE04EC0-301F-11D3-BF4B-00C04F79EFBC}") = "CashRegister.UICore", "CashRegister.UICore\CashRegister.UICore.csproj", "{A19F354D-5B0D-4576-800E-DB66AA7840B5}"
EndProject
Project("{FAE04EC0-301F-11D3-BF4B-00C04F79EFBC}") = "CashRegister.Shared", "CashRegister.Shared\CashRegister.Shared.csproj", "{D018A1E1-C44C-4CD3-8250-5A7F066294FA}"
EndProject
Global
	GlobalSection(SolutionConfigurationPlatforms) = preSolution
		Debug|Any CPU = Debug|Any CPU
		Release|Any CPU = Release|Any CPU
	EndGlobalSection
	GlobalSection(ProjectConfigurationPlatforms) = postSolution
		{421656F0-6CD2-4C3E-8CBE-9934FF502BC8}.Debug|Any CPU.ActiveCfg = Debug|Any CPU
		{421656F0-6CD2-4C3E-8CBE-9934FF502BC8}.Debug|Any CPU.Build.0 = Debug|Any CPU
		{421656F0-6CD2-4C3E-8CBE-9934FF502BC8}.Release|Any CPU.ActiveCfg = Release|Any CPU
		{421656F0-6CD2-4C3E-8CBE-9934FF502BC8}.Release|Any CPU.Build.0 = Release|Any CPU
		{A19F354D-5B0D-4576-800E-DB66AA7840B5}.Debug|Any CPU.ActiveCfg = Debug|Any CPU
		{A19F354D-5B0D-4576-800E-DB66AA7840B5}.Debug|Any CPU.Build.0 = Debug|Any CPU
		{A19F354D-5B0D-4576-800E-DB66AA7840B5}.Release|Any CPU.ActiveCfg = Release|Any CPU
		{A19F354D-5B0D-4576-800E-DB66AA7840B5}.Release|Any CPU.Build.0 = Release|Any CPU
		{D018A1E1-C44C-4CD3-8250-5A7F066294FA}.Debug|Any CPU.ActiveCfg = Debug|Any CPU
		{D018A1E1-C44C-4CD3-8250-5A7F066294FA}.Debug|Any CPU.Build.0 = Debug|Any CPU
		{D018A1E1-C44C-4CD3-8250-5A7F066294FA}.Release|Any CPU.ActiveCfg = Release|Any CPU
		{D018A1E1-C44C-4CD3-8250-5A7F066294FA}.Release|Any CPU.Build.0 = Release|Any CPU
	EndGlobalSection
	GlobalSection(SolutionProperties) = preSolution
		HideSolutionNode = FALSE
	EndGlobalSection
	GlobalSection(ExtensibilityGlobals) = postSolution
		SolutionGuid = {3BFC1534-D1C4-4465-8BD8-8F602F588884}
	EndGlobalSection
EndGlobal
